// !$*UTF8*$!
{
	archiveVersion = 1;
	classes = {
	};
	objectVersion = 46;
	objects = {

/* Begin PBXBuildFile section */
		DA300CC01C62CC17001D5C3F /* AppDelegate.swift in Sources */ = {isa = PBXBuildFile; fileRef = DA300CBF1C62CC17001D5C3F /* AppDelegate.swift */; };
		DA300CC21C62CC17001D5C3F /* ViewController.swift in Sources */ = {isa = PBXBuildFile; fileRef = DA300CC11C62CC17001D5C3F /* ViewController.swift */; };
		DA300CC51C62CC17001D5C3F /* Main.storyboard in Resources */ = {isa = PBXBuildFile; fileRef = DA300CC31C62CC17001D5C3F /* Main.storyboard */; };
		DA300CC71C62CC17001D5C3F /* Assets.xcassets in Resources */ = {isa = PBXBuildFile; fileRef = DA300CC61C62CC17001D5C3F /* Assets.xcassets */; };
		DA300CCA1C62CC17001D5C3F /* LaunchScreen.storyboard in Resources */ = {isa = PBXBuildFile; fileRef = DA300CC81C62CC17001D5C3F /* LaunchScreen.storyboard */; };
		DA300CD51C62CC17001D5C3F /* retro_calculatorTests.swift in Sources */ = {isa = PBXBuildFile; fileRef = DA300CD41C62CC17001D5C3F /* retro_calculatorTests.swift */; };
		DA300CE01C62CC17001D5C3F /* retro_calculatorUITests.swift in Sources */ = {isa = PBXBuildFile; fileRef = DA300CDF1C62CC17001D5C3F /* retro_calculatorUITests.swift */; };
		DA300D281C62DC4E001D5C3F /* Minecraft.ttf in Resources */ = {isa = PBXBuildFile; fileRef = DA300D271C62DC4E001D5C3F /* Minecraft.ttf */; };
		DA300D2A1C63DA95001D5C3F /* btn.wav in Resources */ = {isa = PBXBuildFile; fileRef = DA300D291C63DA95001D5C3F /* btn.wav */; };
/* End PBXBuildFile section */

/* Begin PBXContainerItemProxy section */
		DA300CD11C62CC17001D5C3F /* PBXContainerItemProxy */ = {
			isa = PBXContainerItemProxy;
			containerPortal = DA300CB41C62CC17001D5C3F /* Project object */;
			proxyType = 1;
			remoteGlobalIDString = DA300CBB1C62CC17001D5C3F;
			remoteInfo = "retro-calculator";
		};
		DA300CDC1C62CC17001D5C3F /* PBXContainerItemProxy */ = {
			isa = PBXContainerItemProxy;
			containerPortal = DA300CB41C62CC17001D5C3F /* Project object */;
			proxyType = 1;
			remoteGlobalIDString = DA300CBB1C62CC17001D5C3F;
			remoteInfo = "retro-calculator";
		};
/* End PBXContainerItemProxy section */

/* Begin PBXFileReference section */
		DA300CBC1C62CC17001D5C3F /* retro-calculator.app */ = {isa = PBXFileReference; explicitFileType = wrapper.application; includeInIndex = 0; path = "retro-calculator.app"; sourceTree = BUILT_PRODUCTS_DIR; };
		DA300CBF1C62CC17001D5C3F /* AppDelegate.swift */ = {isa = PBXFileReference; lastKnownFileType = sourcecode.swift; path = AppDelegate.swift; sourceTree = "<group>"; };
		DA300CC11C62CC17001D5C3F /* ViewController.swift */ = {isa = PBXFileReference; lastKnownFileType = sourcecode.swift; path = ViewController.swift; sourceTree = "<group>"; };
		DA300CC41C62CC17001D5C3F /* Base */ = {isa = PBXFileReference; lastKnownFileType = file.storyboard; name = Base; path = Base.lproj/Main.storyboard; sourceTree = "<group>"; };
		DA300CC61C62CC17001D5C3F /* Assets.xcassets */ = {isa = PBXFileReference; lastKnownFileType = folder.assetcatalog; path = Assets.xcassets; sourceTree = "<group>"; };
		DA300CC91C62CC17001D5C3F /* Base */ = {isa = PBXFileReference; lastKnownFileType = file.storyboard; name = Base; path = Base.lproj/LaunchScreen.storyboard; sourceTree = "<group>"; };
		DA300CCB1C62CC17001D5C3F /* Info.plist */ = {isa = PBXFileReference; lastKnownFileType = text.plist.xml; path = Info.plist; sourceTree = "<group>"; };
		DA300CD01C62CC17001D5C3F /* retro-calculatorTests.xctest */ = {isa = PBXFileReference; explicitFileType = wrapper.cfbundle; includeInIndex = 0; path = "retro-calculatorTests.xctest"; sourceTree = BUILT_PRODUCTS_DIR; };
		DA300CD41C62CC17001D5C3F /* retro_calculatorTests.swift */ = {isa = PBXFileReference; lastKnownFileType = sourcecode.swift; path = retro_calculatorTests.swift; sourceTree = "<group>"; };
		DA300CD61C62CC17001D5C3F /* Info.plist */ = {isa = PBXFileReference; lastKnownFileType = text.plist.xml; path = Info.plist; sourceTree = "<group>"; };
		DA300CDB1C62CC17001D5C3F /* retro-calculatorUITests.xctest */ = {isa = PBXFileReference; explicitFileType = wrapper.cfbundle; includeInIndex = 0; path = "retro-calculatorUITests.xctest"; sourceTree = BUILT_PRODUCTS_DIR; };
		DA300CDF1C62CC17001D5C3F /* retro_calculatorUITests.swift */ = {isa = PBXFileReference; lastKnownFileType = sourcecode.swift; path = retro_calculatorUITests.swift; sourceTree = "<group>"; };
		DA300CE11C62CC17001D5C3F /* Info.plist */ = {isa = PBXFileReference; lastKnownFileType = text.plist.xml; path = Info.plist; sourceTree = "<group>"; };
		DA300D271C62DC4E001D5C3F /* Minecraft.ttf */ = {isa = PBXFileReference; lastKnownFileType = file; path = Minecraft.ttf; sourceTree = "<group>"; };
		DA300D291C63DA95001D5C3F /* btn.wav */ = {isa = PBXFileReference; lastKnownFileType = audio.wav; path = btn.wav; sourceTree = "<group>"; };
/* End PBXFileReference section */

/* Begin PBXFrameworksBuildPhase section */
		DA300CB91C62CC17001D5C3F /* Frameworks */ = {
			isa = PBXFrameworksBuildPhase;
			buildActionMask = 2147483647;
			files = (
			);
			runOnlyForDeploymentPostprocessing = 0;
		};
		DA300CCD1C62CC17001D5C3F /* Frameworks */ = {
			isa = PBXFrameworksBuildPhase;
			buildActionMask = 2147483647;
			files = (
			);
			runOnlyForDeploymentPostprocessing = 0;
		};
		DA300CD81C62CC17001D5C3F /* Frameworks */ = {
			isa = PBXFrameworksBuildPhase;
			buildActionMask = 2147483647;
			files = (
			);
			runOnlyForDeploymentPostprocessing = 0;
		};
/* End PBXFrameworksBuildPhase section */

/* Begin PBXGroup section */
		DA300CB31C62CC17001D5C3F = {
			isa = PBXGroup;
			children = (
				DA300CBE1C62CC17001D5C3F /* retro-calculator */,
				DA300CD31C62CC17001D5C3F /* retro-calculatorTests */,
				DA300CDE1C62CC17001D5C3F /* retro-calculatorUITests */,
				DA300CBD1C62CC17001D5C3F /* Products */,
			);
			sourceTree = "<group>";
		};
		DA300CBD1C62CC17001D5C3F /* Products */ = {
			isa = PBXGroup;
			children = (
				DA300CBC1C62CC17001D5C3F /* retro-calculator.app */,
				DA300CD01C62CC17001D5C3F /* retro-calculatorTests.xctest */,
				DA300CDB1C62CC17001D5C3F /* retro-calculatorUITests.xctest */,
			);
			name = Products;
			sourceTree = "<group>";
		};
		DA300CBE1C62CC17001D5C3F /* retro-calculator */ = {
			isa = PBXGroup;
			children = (
				DA300D271C62DC4E001D5C3F /* Minecraft.ttf */,
				DA300D291C63DA95001D5C3F /* btn.wav */,
				DA300CBF1C62CC17001D5C3F /* AppDelegate.swift */,
				DA300CC11C62CC17001D5C3F /* ViewController.swift */,
				DA300CC31C62CC17001D5C3F /* Main.storyboard */,
				DA300CC61C62CC17001D5C3F /* Assets.xcassets */,
				DA300CC81C62CC17001D5C3F /* LaunchScreen.storyboard */,
				DA300CCB1C62CC17001D5C3F /* Info.plist */,
			);
			path = "retro-calculator";
			sourceTree = "<group>";
		};
		DA300CD31C62CC17001D5C3F /* retro-calculatorTests */ = {
			isa = PBXGroup;
			children = (
				DA300CD41C62CC17001D5C3F /* retro_calculatorTests.swift */,
				DA300CD61C62CC17001D5C3F /* Info.plist */,
			);
			path = "retro-calculatorTests";
			sourceTree = "<group>";
		};
		DA300CDE1C62CC17001D5C3F /* retro-calculatorUITests */ = {
			isa = PBXGroup;
			children = (
				DA300CDF1C62CC17001D5C3F /* retro_calculatorUITests.swift */,
				DA300CE11C62CC17001D5C3F /* Info.plist */,
			);
			path = "retro-calculatorUITests";
			sourceTree = "<group>";
		};
/* End PBXGroup section */

/* Begin PBXNativeTarget section */
		DA300CBB1C62CC17001D5C3F /* retro-calculator */ = {
			isa = PBXNativeTarget;
			buildConfigurationList = DA300CE41C62CC17001D5C3F /* Build configuration list for PBXNativeTarget "retro-calculator" */;
			buildPhases = (
				DA300CB81C62CC17001D5C3F /* Sources */,
				DA300CB91C62CC17001D5C3F /* Frameworks */,
				DA300CBA1C62CC17001D5C3F /* Resources */,
			);
			buildRules = (
			);
			dependencies = (
			);
			name = "retro-calculator";
			productName = "retro-calculator";
			productReference = DA300CBC1C62CC17001D5C3F /* retro-calculator.app */;
			productType = "com.apple.product-type.application";
		};
		DA300CCF1C62CC17001D5C3F /* retro-calculatorTests */ = {
			isa = PBXNativeTarget;
			buildConfigurationList = DA300CE71C62CC17001D5C3F /* Build configuration list for PBXNativeTarget "retro-calculatorTests" */;
			buildPhases = (
				DA300CCC1C62CC17001D5C3F /* Sources */,
				DA300CCD1C62CC17001D5C3F /* Frameworks */,
				DA300CCE1C62CC17001D5C3F /* Resources */,
			);
			buildRules = (
			);
			dependencies = (
				DA300CD21C62CC17001D5C3F /* PBXTargetDependency */,
			);
			name = "retro-calculatorTests";
			productName = "retro-calculatorTests";
			productReference = DA300CD01C62CC17001D5C3F /* retro-calculatorTests.xctest */;
			productType = "com.apple.product-type.bundle.unit-test";
		};
		DA300CDA1C62CC17001D5C3F /* retro-calculatorUITests */ = {
			isa = PBXNativeTarget;
			buildConfigurationList = DA300CEA1C62CC17001D5C3F /* Build configuration list for PBXNativeTarget "retro-calculatorUITests" */;
			buildPhases = (
				DA300CD71C62CC17001D5C3F /* Sources */,
				DA300CD81C62CC17001D5C3F /* Frameworks */,
				DA300CD91C62CC17001D5C3F /* Resources */,
			);
			buildRules = (
			);
			dependencies = (
				DA300CDD1C62CC17001D5C3F /* PBXTargetDependency */,
			);
			name = "retro-calculatorUITests";
			productName = "retro-calculatorUITests";
			productReference = DA300CDB1C62CC17001D5C3F /* retro-calculatorUITests.xctest */;
			productType = "com.apple.product-type.bundle.ui-testing";
		};
/* End PBXNativeTarget section */

/* Begin PBXProject section */
		DA300CB41C62CC17001D5C3F /* Project object */ = {
			isa = PBXProject;
			attributes = {
				LastSwiftUpdateCheck = 0720;
				LastUpgradeCheck = 0720;
				ORGANIZATIONNAME = "Holly Klose";
				TargetAttributes = {
					DA300CBB1C62CC17001D5C3F = {
						CreatedOnToolsVersion = 7.2;
						DevelopmentTeam = D7M3P7V275;
					};
					DA300CCF1C62CC17001D5C3F = {
						CreatedOnToolsVersion = 7.2;
						DevelopmentTeam = D7M3P7V275;
						TestTargetID = DA300CBB1C62CC17001D5C3F;
					};
					DA300CDA1C62CC17001D5C3F = {
						CreatedOnToolsVersion = 7.2;
						DevelopmentTeam = D7M3P7V275;
						TestTargetID = DA300CBB1C62CC17001D5C3F;
					};
				};
			};
			buildConfigurationList = DA300CB71C62CC17001D5C3F /* Build configuration list for PBXProject "retro-calculator" */;
			compatibilityVersion = "Xcode 3.2";
			developmentRegion = English;
			hasScannedForEncodings = 0;
			knownRegions = (
				en,
				Base,
			);
			mainGroup = DA300CB31C62CC17001D5C3F;
			productRefGroup = DA300CBD1C62CC17001D5C3F /* Products */;
			projectDirPath = "";
			projectRoot = "";
			targets = (
				DA300CBB1C62CC17001D5C3F /* retro-calculator */,
				DA300CCF1C62CC17001D5C3F /* retro-calculatorTests */,
				DA300CDA1C62CC17001D5C3F /* retro-calculatorUITests */,
			);
		};
/* End PBXProject section */

/* Begin PBXResourcesBuildPhase section */
		DA300CBA1C62CC17001D5C3F /* Resources */ = {
			isa = PBXResourcesBuildPhase;
			buildActionMask = 2147483647;
			files = (
				DA300D2A1C63DA95001D5C3F /* btn.wav in Resources */,
				DA300CCA1C62CC17001D5C3F /* LaunchScreen.storyboard in Resources */,
				DA300CC71C62CC17001D5C3F /* Assets.xcassets in Resources */,
				DA300D281C62DC4E001D5C3F /* Minecraft.ttf in Resources */,
				DA300CC51C62CC17001D5C3F /* Main.storyboard in Resources */,
			);
			runOnlyForDeploymentPostprocessing = 0;
		};
		DA300CCE1C62CC17001D5C3F /* Resources */ = {
			isa = PBXResourcesBuildPhase;
			buildActionMask = 2147483647;
			files = (
			);
			runOnlyForDeploymentPostprocessing = 0;
		};
		DA300CD91C62CC17001D5C3F /* Resources */ = {
			isa = PBXResourcesBuildPhase;
			buildActionMask = 2147483647;
			files = (
			);
			runOnlyForDeploymentPostprocessing = 0;
		};
/* End PBXResourcesBuildPhase section */

/* Begin PBXSourcesBuildPhase section */
		DA300CB81C62CC17001D5C3F /* Sources */ = {
			isa = PBXSourcesBuildPhase;
			buildActionMask = 2147483647;
			files = (
				DA300CC21C62CC17001D5C3F /* ViewController.swift in Sources */,
				DA300CC01C62CC17001D5C3F /* AppDelegate.swift in Sources */,
			);
			runOnlyForDeploymentPostprocessing = 0;
		};
		DA300CCC1C62CC17001D5C3F /* Sources */ = {
			isa = PBXSourcesBuildPhase;
			buildActionMask = 2147483647;
			files = (
				DA300CD51C62CC17001D5C3F /* retro_calculatorTests.swift in Sources */,
			);
			runOnlyForDeploymentPostprocessing = 0;
		};
		DA300CD71C62CC17001D5C3F /* Sources */ = {
			isa = PBXSourcesBuildPhase;
			buildActionMask = 2147483647;
			files = (
				DA300CE01C62CC17001D5C3F /* retro_calculatorUITests.swift in Sources */,
			);
			runOnlyForDeploymentPostprocessing = 0;
		};
/* End PBXSourcesBuildPhase section */

/* Begin PBXTargetDependency section */
		DA300CD21C62CC17001D5C3F /* PBXTargetDependency */ = {
			isa = PBXTargetDependency;
			target = DA300CBB1C62CC17001D5C3F /* retro-calculator */;
			targetProxy = DA300CD11C62CC17001D5C3F /* PBXContainerItemProxy */;
		};
		DA300CDD1C62CC17001D5C3F /* PBXTargetDependency */ = {
			isa = PBXTargetDependency;
			target = DA300CBB1C62CC17001D5C3F /* retro-calculator */;
			targetProxy = DA300CDC1C62CC17001D5C3F /* PBXContainerItemProxy */;
		};
/* End PBXTargetDependency section */

/* Begin PBXVariantGroup section */
		DA300CC31C62CC17001D5C3F /* Main.storyboard */ = {
			isa = PBXVariantGroup;
			children = (
				DA300CC41C62CC17001D5C3F /* Base */,
			);
			name = Main.storyboard;
			sourceTree = "<group>";
		};
		DA300CC81C62CC17001D5C3F /* LaunchScreen.storyboard */ = {
			isa = PBXVariantGroup;
			children = (
				DA300CC91C62CC17001D5C3F /* Base */,
			);
			name = LaunchScreen.storyboard;
			sourceTree = "<group>";
		};
/* End PBXVariantGroup section */

/* Begin XCBuildConfiguration section */
		DA300CE21C62CC17001D5C3F /* Debug */ = {
			isa = XCBuildConfiguration;
			buildSettings = {
				ALWAYS_SEARCH_USER_PATHS = NO;
				CLANG_CXX_LANGUAGE_STANDARD = "gnu++0x";
				CLANG_CXX_LIBRARY = "libc++";
				CLANG_ENABLE_MODULES = YES;
				CLANG_ENABLE_OBJC_ARC = YES;
				CLANG_WARN_BOOL_CONVERSION = YES;
				CLANG_WARN_CONSTANT_CONVERSION = YES;
				CLANG_WARN_DIRECT_OBJC_ISA_USAGE = YES_ERROR;
				CLANG_WARN_EMPTY_BODY = YES;
				CLANG_WARN_ENUM_CONVERSION = YES;
				CLANG_WARN_INT_CONVERSION = YES;
				CLANG_WARN_OBJC_ROOT_CLASS = YES_ERROR;
				CLANG_WARN_UNREACHABLE_CODE = YES;
				CLANG_WARN__DUPLICATE_METHOD_MATCH = YES;
				"CODE_SIGN_IDENTITY[sdk=iphoneos*]" = "iPhone Developer";
				COPY_PHASE_STRIP = NO;
				DEBUG_INFORMATION_FORMAT = dwarf;
				ENABLE_STRICT_OBJC_MSGSEND = YES;
				ENABLE_TESTABILITY = YES;
				GCC_C_LANGUAGE_STANDARD = gnu99;
				GCC_DYNAMIC_NO_PIC = NO;
				GCC_NO_COMMON_BLOCKS = YES;
				GCC_OPTIMIZATION_LEVEL = 0;
				GCC_PREPROCESSOR_DEFINITIONS = (
					"DEBUG=1",
					"$(inherited)",
				);
				GCC_WARN_64_TO_32_BIT_CONVERSION = YES;
				GCC_WARN_ABOUT_RETURN_TYPE = YES_ERROR;
				GCC_WARN_UNDECLARED_SELECTOR = YES;
				GCC_WARN_UNINITIALIZED_AUTOS = YES_AGGRESSIVE;
				GCC_WARN_UNUSED_FUNCTION = YES;
				GCC_WARN_UNUSED_VARIABLE = YES;
				IPHONEOS_DEPLOYMENT_TARGET = 9.2;
				MTL_ENABLE_DEBUG_INFO = YES;
				ONLY_ACTIVE_ARCH = YES;
				SDKROOT = iphoneos;
				SWIFT_OPTIMIZATION_LEVEL = "-Onone";
				TARGETED_DEVICE_FAMILY = "1,2";
			};
			name = Debug;
		};
		DA300CE31C62CC17001D5C3F /* Release */ = {
			isa = XCBuildConfiguration;
			buildSettings = {
				ALWAYS_SEARCH_USER_PATHS = NO;
				CLANG_CXX_LANGUAGE_STANDARD = "gnu++0x";
				CLANG_CXX_LIBRARY = "libc++";
				CLANG_ENABLE_MODULES = YES;
				CLANG_ENABLE_OBJC_ARC = YES;
				CLANG_WARN_BOOL_CONVERSION = YES;
				CLANG_WARN_CONSTANT_CONVERSION = YES;
				CLANG_WARN_DIRECT_OBJC_ISA_USAGE = YES_ERROR;
				CLANG_WARN_EMPTY_BODY = YES;
				CLANG_WARN_ENUM_CONVERSION = YES;
				CLANG_WARN_INT_CONVERSION = YES;
				CLANG_WARN_OBJC_ROOT_CLASS = YES_ERROR;
				CLANG_WARN_UNREACHABLE_CODE = YES;
				CLANG_WARN__DUPLICATE_METHOD_MATCH = YES;
				"CODE_SIGN_IDENTITY[sdk=iphoneos*]" = "iPhone Developer";
				COPY_PHASE_STRIP = NO;
				DEBUG_INFORMATION_FORMAT = "dwarf-with-dsym";
				ENABLE_NS_ASSERTIONS = NO;
				ENABLE_STRICT_OBJC_MSGSEND = YES;
				GCC_C_LANGUAGE_STANDARD = gnu99;
				GCC_NO_COMMON_BLOCKS = YES;
				GCC_WARN_64_TO_32_BIT_CONVERSION = YES;
				GCC_WARN_ABOUT_RETURN_TYPE = YES_ERROR;
				GCC_WARN_UNDECLARED_SELECTOR = YES;
				GCC_WARN_UNINITIALIZED_AUTOS = YES_AGGRESSIVE;
				GCC_WARN_UNUSED_FUNCTION = YES;
				GCC_WARN_UNUSED_VARIABLE = YES;
				IPHONEOS_DEPLOYMENT_TARGET = 9.2;
				MTL_ENABLE_DEBUG_INFO = NO;
				SDKROOT = iphoneos;
				TARGETED_DEVICE_FAMILY = "1,2";
				VALIDATE_PRODUCT = YES;
			};
			name = Release;
		};
		DA300CE51C62CC17001D5C3F /* Debug */ = {
			isa = XCBuildConfiguration;
			buildSettings = {
				ASSETCATALOG_COMPILER_APPICON_NAME = AppIcon;
				INFOPLIST_FILE = "retro-calculator/Info.plist";
				LD_RUNPATH_SEARCH_PATHS = "$(inherited) @executable_path/Frameworks";
				PRODUCT_BUNDLE_IDENTIFIER = "com.hollyanderic.retro-calculator";
				PRODUCT_NAME = "$(TARGET_NAME)";
			};
			name = Debug;
		};
		DA300CE61C62CC17001D5C3F /* Release */ = {
			isa = XCBuildConfiguration;
			buildSettings = {
				ASSETCATALOG_COMPILER_APPICON_NAME = AppIcon;
				INFOPLIST_FILE = "retro-calculator/Info.plist";
				LD_RUNPATH_SEARCH_PATHS = "$(inherited) @executable_path/Frameworks";
				PRODUCT_BUNDLE_IDENTIFIER = "com.hollyanderic.retro-calculator";
				PRODUCT_NAME = "$(TARGET_NAME)";
			};
			name = Release;
		};
		DA300CE81C62CC17001D5C3F /* Debug */ = {
			isa = XCBuildConfiguration;
			buildSettings = {
				BUNDLE_LOADER = "$(TEST_HOST)";
				INFOPLIST_FILE = "retro-calculatorTests/Info.plist";
				LD_RUNPATH_SEARCH_PATHS = "$(inherited) @executable_path/Frameworks @loader_path/Frameworks";
				PRODUCT_BUNDLE_IDENTIFIER = "com.hollyanderic.retro-calculatorTests";
				PRODUCT_NAME = "$(TARGET_NAME)";
				TEST_HOST = "$(BUILT_PRODUCTS_DIR)/retro-calculator.app/retro-calculator";
			};
			name = Debug;
		};
		DA300CE91C62CC17001D5C3F /* Release */ = {
			isa = XCBuildConfiguration;
			buildSettings = {
				BUNDLE_LOADER = "$(TEST_HOST)";
				INFOPLIST_FILE = "retro-calculatorTests/Info.plist";
				LD_RUNPATH_SEARCH_PATHS = "$(inherited) @executable_path/Frameworks @loader_path/Frameworks";
				PRODUCT_BUNDLE_IDENTIFIER = "com.hollyanderic.retro-calculatorTests";
				PRODUCT_NAME = "$(TARGET_NAME)";
				TEST_HOST = "$(BUILT_PRODUCTS_DIR)/retro-calculator.app/retro-calculator";
			};
			name = Release;
		};
		DA300CEB1C62CC17001D5C3F /* Debug */ = {
			isa = XCBuildConfiguration;
			buildSettings = {
				INFOPLIST_FILE = "retro-calculatorUITests/Info.plist";
				LD_RUNPATH_SEARCH_PATHS = "$(inherited) @executable_path/Frameworks @loader_path/Frameworks";
				PRODUCT_BUNDLE_IDENTIFIER = "com.hollyanderic.retro-calculatorUITests";
				PRODUCT_NAME = "$(TARGET_NAME)";
				TEST_TARGET_NAME = "retro-calculator";
				USES_XCTRUNNER = YES;
			};
			name = Debug;
		};
		DA300CEC1C62CC17001D5C3F /* Release */ = {
			isa = XCBuildConfiguration;
			buildSettings = {
				INFOPLIST_FILE = "retro-calculatorUITests/Info.plist";
				LD_RUNPATH_SEARCH_PATHS = "$(inherited) @executable_path/Frameworks @loader_path/Frameworks";
				PRODUCT_BUNDLE_IDENTIFIER = "com.hollyanderic.retro-calculatorUITests";
				PRODUCT_NAME = "$(TARGET_NAME)";
				TEST_TARGET_NAME = "retro-calculator";
				USES_XCTRUNNER = YES;
			};
			name = Release;
		};
/* End XCBuildConfiguration section */

/* Begin XCConfigurationList section */
		DA300CB71C62CC17001D5C3F /* Build configuration list for PBXProject "retro-calculator" */ = {
			isa = XCConfigurationList;
			buildConfigurations = (
				DA300CE21C62CC17001D5C3F /* Debug */,
				DA300CE31C62CC17001D5C3F /* Release */,
			);
			defaultConfigurationIsVisible = 0;
			defaultConfigurationName = Release;
		};
		DA300CE41C62CC17001D5C3F /* Build configuration list for PBXNativeTarget "retro-calculator" */ = {
			isa = XCConfigurationList;
			buildConfigurations = (
				DA300CE51C62CC17001D5C3F /* Debug */,
				DA300CE61C62CC17001D5C3F /* Release */,
			);
			defaultConfigurationIsVisible = 0;
		};
		DA300CE71C62CC17001D5C3F /* Build configuration list for PBXNativeTarget "retro-calculatorTests" */ = {
			isa = XCConfigurationList;
			buildConfigurations = (
				DA300CE81C62CC17001D5C3F /* Debug */,
				DA300CE91C62CC17001D5C3F /* Release */,
			);
			defaultConfigurationIsVisible = 0;
		};
		DA300CEA1C62CC17001D5C3F /* Build configuration list for PBXNativeTarget "retro-calculatorUITests" */ = {
			isa = XCConfigurationList;
			buildConfigurations = (
				DA300CEB1C62CC17001D5C3F /* Debug */,
				DA300CEC1C62CC17001D5C3F /* Release */,
			);
			defaultConfigurationIsVisible = 0;
		};
/* End XCConfigurationList section */
	};
	rootObject = DA300CB41C62CC17001D5C3F /* Project object */;
}
